// !$*UTF8*$!
{
	archiveVersion = 1;
	classes = {
	};
	objectVersion = 55;
	objects = {

/* Begin PBXBuildFile section */
		0B39639527CDE66A0021B3DD /* PictureModel.swift in Sources */ = {isa = PBXBuildFile; fileRef = 0B39639427CDE66A0021B3DD /* PictureModel.swift */; };
		0B659D8927C79C0B008A4376 /* AppDelegate.swift in Sources */ = {isa = PBXBuildFile; fileRef = 0B659D8827C79C0B008A4376 /* AppDelegate.swift */; };
		0B659D8B27C79C0B008A4376 /* SceneDelegate.swift in Sources */ = {isa = PBXBuildFile; fileRef = 0B659D8A27C79C0B008A4376 /* SceneDelegate.swift */; };
		0B659D8D27C79C0B008A4376 /* HomeViewController.swift in Sources */ = {isa = PBXBuildFile; fileRef = 0B659D8C27C79C0B008A4376 /* HomeViewController.swift */; };
		0B659D9027C79C0B008A4376 /* Main.storyboard in Resources */ = {isa = PBXBuildFile; fileRef = 0B659D8E27C79C0B008A4376 /* Main.storyboard */; };
		0B659D9227C79C0C008A4376 /* Assets.xcassets in Resources */ = {isa = PBXBuildFile; fileRef = 0B659D9127C79C0C008A4376 /* Assets.xcassets */; };
		0B659D9527C79C0C008A4376 /* LaunchScreen.storyboard in Resources */ = {isa = PBXBuildFile; fileRef = 0B659D9327C79C0C008A4376 /* LaunchScreen.storyboard */; };
		0B659DA127C7AC00008A4376 /* HomeViewModel.swift in Sources */ = {isa = PBXBuildFile; fileRef = 0B659DA027C7AC00008A4376 /* HomeViewModel.swift */; };
		0B85F08C27CDF907000E6C31 /* ApodListViewController.swift in Sources */ = {isa = PBXBuildFile; fileRef = 0B85F08B27CDF907000E6C31 /* ApodListViewController.swift */; };
		0B85F08E27CDF9D7000E6C31 /* ApodTableViewCell.swift in Sources */ = {isa = PBXBuildFile; fileRef = 0B85F08D27CDF9D7000E6C31 /* ApodTableViewCell.swift */; };
		0B85F09027CE011F000E6C31 /* ApodListViewModel.swift in Sources */ = {isa = PBXBuildFile; fileRef = 0B85F08F27CE011F000E6C31 /* ApodListViewModel.swift */; };
		60CE2EF4B74C7511B02F632D /* Pods_APOD.framework in Frameworks */ = {isa = PBXBuildFile; fileRef = A9B4187A9C96030D9D0CC758 /* Pods_APOD.framework */; };
/* End PBXBuildFile section */

/* Begin PBXFileReference section */
		0B39639427CDE66A0021B3DD /* PictureModel.swift */ = {isa = PBXFileReference; lastKnownFileType = sourcecode.swift; path = PictureModel.swift; sourceTree = "<group>"; };
		0B659D8527C79C0B008A4376 /* APOD.app */ = {isa = PBXFileReference; explicitFileType = wrapper.application; includeInIndex = 0; path = APOD.app; sourceTree = BUILT_PRODUCTS_DIR; };
		0B659D8827C79C0B008A4376 /* AppDelegate.swift */ = {isa = PBXFileReference; lastKnownFileType = sourcecode.swift; path = AppDelegate.swift; sourceTree = "<group>"; };
		0B659D8A27C79C0B008A4376 /* SceneDelegate.swift */ = {isa = PBXFileReference; lastKnownFileType = sourcecode.swift; path = SceneDelegate.swift; sourceTree = "<group>"; };
		0B659D8C27C79C0B008A4376 /* HomeViewController.swift */ = {isa = PBXFileReference; lastKnownFileType = sourcecode.swift; path = HomeViewController.swift; sourceTree = "<group>"; };
		0B659D8F27C79C0B008A4376 /* Base */ = {isa = PBXFileReference; lastKnownFileType = file.storyboard; name = Base; path = Base.lproj/Main.storyboard; sourceTree = "<group>"; };
		0B659D9127C79C0C008A4376 /* Assets.xcassets */ = {isa = PBXFileReference; lastKnownFileType = folder.assetcatalog; path = Assets.xcassets; sourceTree = "<group>"; };
		0B659D9427C79C0C008A4376 /* Base */ = {isa = PBXFileReference; lastKnownFileType = file.storyboard; name = Base; path = Base.lproj/LaunchScreen.storyboard; sourceTree = "<group>"; };
		0B659D9627C79C0C008A4376 /* Info.plist */ = {isa = PBXFileReference; lastKnownFileType = text.plist.xml; path = Info.plist; sourceTree = "<group>"; };
		0B659DA027C7AC00008A4376 /* HomeViewModel.swift */ = {isa = PBXFileReference; lastKnownFileType = sourcecode.swift; path = HomeViewModel.swift; sourceTree = "<group>"; };
		0B85F08B27CDF907000E6C31 /* ApodListViewController.swift */ = {isa = PBXFileReference; lastKnownFileType = sourcecode.swift; path = ApodListViewController.swift; sourceTree = "<group>"; };
		0B85F08D27CDF9D7000E6C31 /* ApodTableViewCell.swift */ = {isa = PBXFileReference; lastKnownFileType = sourcecode.swift; path = ApodTableViewCell.swift; sourceTree = "<group>"; };
		0B85F08F27CE011F000E6C31 /* ApodListViewModel.swift */ = {isa = PBXFileReference; lastKnownFileType = sourcecode.swift; path = ApodListViewModel.swift; sourceTree = "<group>"; };
		A096F93F6625E5E884D59F94 /* Pods-APOD.debug.xcconfig */ = {isa = PBXFileReference; includeInIndex = 1; lastKnownFileType = text.xcconfig; name = "Pods-APOD.debug.xcconfig"; path = "Target Support Files/Pods-APOD/Pods-APOD.debug.xcconfig"; sourceTree = "<group>"; };
		A9B4187A9C96030D9D0CC758 /* Pods_APOD.framework */ = {isa = PBXFileReference; explicitFileType = wrapper.framework; includeInIndex = 0; path = Pods_APOD.framework; sourceTree = BUILT_PRODUCTS_DIR; };
		DA3F595BFEE85D8985173890 /* Pods-APOD.release.xcconfig */ = {isa = PBXFileReference; includeInIndex = 1; lastKnownFileType = text.xcconfig; name = "Pods-APOD.release.xcconfig"; path = "Target Support Files/Pods-APOD/Pods-APOD.release.xcconfig"; sourceTree = "<group>"; };
/* End PBXFileReference section */

/* Begin PBXFrameworksBuildPhase section */
		0B659D8227C79C0B008A4376 /* Frameworks */ = {
			isa = PBXFrameworksBuildPhase;
			buildActionMask = 2147483647;
			files = (
				60CE2EF4B74C7511B02F632D /* Pods_APOD.framework in Frameworks */,
			);
			runOnlyForDeploymentPostprocessing = 0;
		};
/* End PBXFrameworksBuildPhase section */

/* Begin PBXGroup section */
		0B659D7C27C79C0B008A4376 = {
			isa = PBXGroup;
			children = (
				0B659D8727C79C0B008A4376 /* APOD */,
				0B659D8627C79C0B008A4376 /* Products */,
				334256FBF844FACA5A46E9BF /* Pods */,
				34DA3187BBE26651977E715D /* Frameworks */,
			);
			sourceTree = "<group>";
		};
		0B659D8627C79C0B008A4376 /* Products */ = {
			isa = PBXGroup;
			children = (
				0B659D8527C79C0B008A4376 /* APOD.app */,
			);
			name = Products;
			sourceTree = "<group>";
		};
		0B659D8727C79C0B008A4376 /* APOD */ = {
			isa = PBXGroup;
			children = (
				0B659D8827C79C0B008A4376 /* AppDelegate.swift */,
				0B659D8A27C79C0B008A4376 /* SceneDelegate.swift */,
				0B659D9127C79C0C008A4376 /* Assets.xcassets */,
				0B659D9627C79C0C008A4376 /* Info.plist */,
				0B659D9E27C79CFF008A4376 /* Models */,
				0B659D9F27C79D14008A4376 /* Views */,
				0B659D9D27C79CF5008A4376 /* View Models */,
				0B659D9C27C79CEF008A4376 /* Controllers */,
				0B659D8E27C79C0B008A4376 /* Main.storyboard */,
				0B659D9327C79C0C008A4376 /* LaunchScreen.storyboard */,
			);
			path = APOD;
			sourceTree = "<group>";
		};
		0B659D9C27C79CEF008A4376 /* Controllers */ = {
			isa = PBXGroup;
			children = (
				0B659D8C27C79C0B008A4376 /* HomeViewController.swift */,
				0B85F08B27CDF907000E6C31 /* ApodListViewController.swift */,
			);
			path = Controllers;
			sourceTree = "<group>";
		};
		0B659D9D27C79CF5008A4376 /* View Models */ = {
			isa = PBXGroup;
			children = (
				0B659DA027C7AC00008A4376 /* HomeViewModel.swift */,
				0B85F08F27CE011F000E6C31 /* ApodListViewModel.swift */,
			);
			path = "View Models";
			sourceTree = "<group>";
		};
		0B659D9E27C79CFF008A4376 /* Models */ = {
			isa = PBXGroup;
			children = (
				0B39639427CDE66A0021B3DD /* PictureModel.swift */,
			);
			path = Models;
			sourceTree = "<group>";
		};
		0B659D9F27C79D14008A4376 /* Views */ = {
			isa = PBXGroup;
			children = (
				0B85F08D27CDF9D7000E6C31 /* ApodTableViewCell.swift */,
			);
			path = Views;
			sourceTree = "<group>";
		};
		334256FBF844FACA5A46E9BF /* Pods */ = {
			isa = PBXGroup;
			children = (
				A096F93F6625E5E884D59F94 /* Pods-APOD.debug.xcconfig */,
				DA3F595BFEE85D8985173890 /* Pods-APOD.release.xcconfig */,
			);
			path = Pods;
			sourceTree = "<group>";
		};
		34DA3187BBE26651977E715D /* Frameworks */ = {
			isa = PBXGroup;
			children = (
				A9B4187A9C96030D9D0CC758 /* Pods_APOD.framework */,
			);
			name = Frameworks;
			sourceTree = "<group>";
		};
/* End PBXGroup section */

/* Begin PBXNativeTarget section */
		0B659D8427C79C0B008A4376 /* APOD */ = {
			isa = PBXNativeTarget;
			buildConfigurationList = 0B659D9927C79C0C008A4376 /* Build configuration list for PBXNativeTarget "APOD" */;
			buildPhases = (
				F06ECCCF5933A4BEC55200FC /* [CP] Check Pods Manifest.lock */,
				0B659D8127C79C0B008A4376 /* Sources */,
				0B659D8227C79C0B008A4376 /* Frameworks */,
				0B659D8327C79C0B008A4376 /* Resources */,
				D505E530288269F5593C5C99 /* [CP] Embed Pods Frameworks */,
			);
			buildRules = (
			);
			dependencies = (
			);
			name = APOD;
			productName = APOD;
			productReference = 0B659D8527C79C0B008A4376 /* APOD.app */;
			productType = "com.apple.product-type.application";
		};
/* End PBXNativeTarget section */

/* Begin PBXProject section */
		0B659D7D27C79C0B008A4376 /* Project object */ = {
			isa = PBXProject;
			attributes = {
				BuildIndependentTargetsInParallel = 1;
				LastSwiftUpdateCheck = 1320;
				LastUpgradeCheck = 1320;
				TargetAttributes = {
					0B659D8427C79C0B008A4376 = {
						CreatedOnToolsVersion = 13.2.1;
					};
				};
			};
			buildConfigurationList = 0B659D8027C79C0B008A4376 /* Build configuration list for PBXProject "APOD" */;
			compatibilityVersion = "Xcode 13.0";
			developmentRegion = en;
			hasScannedForEncodings = 0;
			knownRegions = (
				en,
				Base,
			);
			mainGroup = 0B659D7C27C79C0B008A4376;
			productRefGroup = 0B659D8627C79C0B008A4376 /* Products */;
			projectDirPath = "";
			projectRoot = "";
			targets = (
				0B659D8427C79C0B008A4376 /* APOD */,
			);
		};
/* End PBXProject section */

/* Begin PBXResourcesBuildPhase section */
		0B659D8327C79C0B008A4376 /* Resources */ = {
			isa = PBXResourcesBuildPhase;
			buildActionMask = 2147483647;
			files = (
				0B659D9527C79C0C008A4376 /* LaunchScreen.storyboard in Resources */,
				0B659D9227C79C0C008A4376 /* Assets.xcassets in Resources */,
				0B659D9027C79C0B008A4376 /* Main.storyboard in Resources */,
			);
			runOnlyForDeploymentPostprocessing = 0;
		};
/* End PBXResourcesBuildPhase section */

/* Begin PBXShellScriptBuildPhase section */
		D505E530288269F5593C5C99 /* [CP] Embed Pods Frameworks */ = {
			isa = PBXShellScriptBuildPhase;
			buildActionMask = 2147483647;
			files = (
			);
			inputFileListPaths = (
				"${PODS_ROOT}/Target Support Files/Pods-APOD/Pods-APOD-frameworks-${CONFIGURATION}-input-files.xcfilelist",
			);
			name = "[CP] Embed Pods Frameworks";
			outputFileListPaths = (
				"${PODS_ROOT}/Target Support Files/Pods-APOD/Pods-APOD-frameworks-${CONFIGURATION}-output-files.xcfilelist",
			);
			runOnlyForDeploymentPostprocessing = 0;
			shellPath = /bin/sh;
			shellScript = "\"${PODS_ROOT}/Target Support Files/Pods-APOD/Pods-APOD-frameworks.sh\"\n";
			showEnvVarsInLog = 0;
		};
		F06ECCCF5933A4BEC55200FC /* [CP] Check Pods Manifest.lock */ = {
			isa = PBXShellScriptBuildPhase;
			buildActionMask = 2147483647;
			files = (
			);
			inputFileListPaths = (
			);
			inputPaths = (
				"${PODS_PODFILE_DIR_PATH}/Podfile.lock",
				"${PODS_ROOT}/Manifest.lock",
			);
			name = "[CP] Check Pods Manifest.lock";
			outputFileListPaths = (
			);
			outputPaths = (
				"$(DERIVED_FILE_DIR)/Pods-APOD-checkManifestLockResult.txt",
			);
			runOnlyForDeploymentPostprocessing = 0;
			shellPath = /bin/sh;
			shellScript = "diff \"${PODS_PODFILE_DIR_PATH}/Podfile.lock\" \"${PODS_ROOT}/Manifest.lock\" > /dev/null\nif [ $? != 0 ] ; then\n    # print error to STDERR\n    echo \"error: The sandbox is not in sync with the Podfile.lock. Run 'pod install' or update your CocoaPods installation.\" >&2\n    exit 1\nfi\n# This output is used by Xcode 'outputs' to avoid re-running this script phase.\necho \"SUCCESS\" > \"${SCRIPT_OUTPUT_FILE_0}\"\n";
			showEnvVarsInLog = 0;
		};
/* End PBXShellScriptBuildPhase section */

/* Begin PBXSourcesBuildPhase section */
		0B659D8127C79C0B008A4376 /* Sources */ = {
			isa = PBXSourcesBuildPhase;
			buildActionMask = 2147483647;
			files = (
				0B659D8D27C79C0B008A4376 /* HomeViewController.swift in Sources */,
				0B659D8927C79C0B008A4376 /* AppDelegate.swift in Sources */,
				0B659D8B27C79C0B008A4376 /* SceneDelegate.swift in Sources */,
				0B39639527CDE66A0021B3DD /* PictureModel.swift in Sources */,
				0B85F08C27CDF907000E6C31 /* ApodListViewController.swift in Sources */,
				0B85F08E27CDF9D7000E6C31 /* ApodTableViewCell.swift in Sources */,
				0B85F09027CE011F000E6C31 /* ApodListViewModel.swift in Sources */,
				0B659DA127C7AC00008A4376 /* HomeViewModel.swift in Sources */,
			);
			runOnlyForDeploymentPostprocessing = 0;
		};
/* End PBXSourcesBuildPhase section */

/* Begin PBXVariantGroup section */
		0B659D8E27C79C0B008A4376 /* Main.storyboard */ = {
			isa = PBXVariantGroup;
			children = (
				0B659D8F27C79C0B008A4376 /* Base */,
			);
			name = Main.storyboard;
			sourceTree = "<group>";
		};
		0B659D9327C79C0C008A4376 /* LaunchScreen.storyboard */ = {
			isa = PBXVariantGroup;
			children = (
				0B659D9427C79C0C008A4376 /* Base */,
			);
			name = LaunchScreen.storyboard;
			sourceTree = "<group>";
		};
/* End PBXVariantGroup section */

/* Begin XCBuildConfiguration section */
		0B659D9727C79C0C008A4376 /* Debug */ = {
			isa = XCBuildConfiguration;
			buildSettings = {
				ALWAYS_SEARCH_USER_PATHS = NO;
				CLANG_ANALYZER_NONNULL = YES;
				CLANG_ANALYZER_NUMBER_OBJECT_CONVERSION = YES_AGGRESSIVE;
				CLANG_CXX_LANGUAGE_STANDARD = "gnu++17";
				CLANG_CXX_LIBRARY = "libc++";
				CLANG_ENABLE_MODULES = YES;
				CLANG_ENABLE_OBJC_ARC = YES;
				CLANG_ENABLE_OBJC_WEAK = YES;
				CLANG_WARN_BLOCK_CAPTURE_AUTORELEASING = YES;
				CLANG_WARN_BOOL_CONVERSION = YES;
				CLANG_WARN_COMMA = YES;
				CLANG_WARN_CONSTANT_CONVERSION = YES;
				CLANG_WARN_DEPRECATED_OBJC_IMPLEMENTATIONS = YES;
				CLANG_WARN_DIRECT_OBJC_ISA_USAGE = YES_ERROR;
				CLANG_WARN_DOCUMENTATION_COMMENTS = YES;
				CLANG_WARN_EMPTY_BODY = YES;
				CLANG_WARN_ENUM_CONVERSION = YES;
				CLANG_WARN_INFINITE_RECURSION = YES;
				CLANG_WARN_INT_CONVERSION = YES;
				CLANG_WARN_NON_LITERAL_NULL_CONVERSION = YES;
				CLANG_WARN_OBJC_IMPLICIT_RETAIN_SELF = YES;
				CLANG_WARN_OBJC_LITERAL_CONVERSION = YES;
				CLANG_WARN_OBJC_ROOT_CLASS = YES_ERROR;
				CLANG_WARN_QUOTED_INCLUDE_IN_FRAMEWORK_HEADER = YES;
				CLANG_WARN_RANGE_LOOP_ANALYSIS = YES;
				CLANG_WARN_STRICT_PROTOTYPES = YES;
				CLANG_WARN_SUSPICIOUS_MOVE = YES;
				CLANG_WARN_UNGUARDED_AVAILABILITY = YES_AGGRESSIVE;
				CLANG_WARN_UNREACHABLE_CODE = YES;
				CLANG_WARN__DUPLICATE_METHOD_MATCH = YES;
				COPY_PHASE_STRIP = NO;
				DEBUG_INFORMATION_FORMAT = dwarf;
				ENABLE_STRICT_OBJC_MSGSEND = YES;
				ENABLE_TESTABILITY = YES;
				GCC_C_LANGUAGE_STANDARD = gnu11;
				GCC_DYNAMIC_NO_PIC = NO;
				GCC_NO_COMMON_BLOCKS = YES;
				GCC_OPTIMIZATION_LEVEL = 0;
				GCC_PREPROCESSOR_DEFINITIONS = (
					"DEBUG=1",
					"$(inherited)",
				);
				GCC_WARN_64_TO_32_BIT_CONVERSION = YES;
				GCC_WARN_ABOUT_RETURN_TYPE = YES_ERROR;
				GCC_WARN_UNDECLARED_SELECTOR = YES;
				GCC_WARN_UNINITIALIZED_AUTOS = YES_AGGRESSIVE;
				GCC_WARN_UNUSED_FUNCTION = YES;
				GCC_WARN_UNUSED_VARIABLE = YES;
				IPHONEOS_DEPLOYMENT_TARGET = 15.2;
				MTL_ENABLE_DEBUG_INFO = INCLUDE_SOURCE;
				MTL_FAST_MATH = YES;
				ONLY_ACTIVE_ARCH = YES;
				SDKROOT = iphoneos;
				SWIFT_ACTIVE_COMPILATION_CONDITIONS = DEBUG;
				SWIFT_OPTIMIZATION_LEVEL = "-Onone";
			};
			name = Debug;
		};
		0B659D9827C79C0C008A4376 /* Release */ = {
			isa = XCBuildConfiguration;
			buildSettings = {
				ALWAYS_SEARCH_USER_PATHS = NO;
				CLANG_ANALYZER_NONNULL = YES;
				CLANG_ANALYZER_NUMBER_OBJECT_CONVERSION = YES_AGGRESSIVE;
				CLANG_CXX_LANGUAGE_STANDARD = "gnu++17";
				CLANG_CXX_LIBRARY = "libc++";
				CLANG_ENABLE_MODULES = YES;
				CLANG_ENABLE_OBJC_ARC = YES;
				CLANG_ENABLE_OBJC_WEAK = YES;
				CLANG_WARN_BLOCK_CAPTURE_AUTORELEASING = YES;
				CLANG_WARN_BOOL_CONVERSION = YES;
				CLANG_WARN_COMMA = YES;
				CLANG_WARN_CONSTANT_CONVERSION = YES;
				CLANG_WARN_DEPRECATED_OBJC_IMPLEMENTATIONS = YES;
				CLANG_WARN_DIRECT_OBJC_ISA_USAGE = YES_ERROR;
				CLANG_WARN_DOCUMENTATION_COMMENTS = YES;
				CLANG_WARN_EMPTY_BODY = YES;
				CLANG_WARN_ENUM_CONVERSION = YES;
				CLANG_WARN_INFINITE_RECURSION = YES;
				CLANG_WARN_INT_CONVERSION = YES;
				CLANG_WARN_NON_LITERAL_NULL_CONVERSION = YES;
				CLANG_WARN_OBJC_IMPLICIT_RETAIN_SELF = YES;
				CLANG_WARN_OBJC_LITERAL_CONVERSION = YES;
				CLANG_WARN_OBJC_ROOT_CLASS = YES_ERROR;
				CLANG_WARN_QUOTED_INCLUDE_IN_FRAMEWORK_HEADER = YES;
				CLANG_WARN_RANGE_LOOP_ANALYSIS = YES;
				CLANG_WARN_STRICT_PROTOTYPES = YES;
				CLANG_WARN_SUSPICIOUS_MOVE = YES;
				CLANG_WARN_UNGUARDED_AVAILABILITY = YES_AGGRESSIVE;
				CLANG_WARN_UNREACHABLE_CODE = YES;
				CLANG_WARN__DUPLICATE_METHOD_MATCH = YES;
				COPY_PHASE_STRIP = NO;
				DEBUG_INFORMATION_FORMAT = "dwarf-with-dsym";
				ENABLE_NS_ASSERTIONS = NO;
				ENABLE_STRICT_OBJC_MSGSEND = YES;
				GCC_C_LANGUAGE_STANDARD = gnu11;
				GCC_NO_COMMON_BLOCKS = YES;
				GCC_WARN_64_TO_32_BIT_CONVERSION = YES;
				GCC_WARN_ABOUT_RETURN_TYPE = YES_ERROR;
				GCC_WARN_UNDECLARED_SELECTOR = YES;
				GCC_WARN_UNINITIALIZED_AUTOS = YES_AGGRESSIVE;
				GCC_WARN_UNUSED_FUNCTION = YES;
				GCC_WARN_UNUSED_VARIABLE = YES;
				IPHONEOS_DEPLOYMENT_TARGET = 15.2;
				MTL_ENABLE_DEBUG_INFO = NO;
				MTL_FAST_MATH = YES;
				SDKROOT = iphoneos;
				SWIFT_COMPILATION_MODE = wholemodule;
				SWIFT_OPTIMIZATION_LEVEL = "-O";
				VALIDATE_PRODUCT = YES;
			};
			name = Release;
		};
		0B659D9A27C79C0C008A4376 /* Debug */ = {
			isa = XCBuildConfiguration;
			baseConfigurationReference = A096F93F6625E5E884D59F94 /* Pods-APOD.debug.xcconfig */;
			buildSettings = {
				ASSETCATALOG_COMPILER_APPICON_NAME = AppIcon;
				ASSETCATALOG_COMPILER_GLOBAL_ACCENT_COLOR_NAME = AccentColor;
				CODE_SIGN_STYLE = Automatic;
				CURRENT_PROJECT_VERSION = 1;
				DEVELOPMENT_TEAM = 96NGVZV8JL;
				GENERATE_INFOPLIST_FILE = YES;
				INFOPLIST_FILE = APOD/Info.plist;
				INFOPLIST_KEY_UIApplicationSupportsIndirectInputEvents = YES;
				INFOPLIST_KEY_UILaunchStoryboardName = LaunchScreen;
				INFOPLIST_KEY_UIMainStoryboardFile = Main;
				INFOPLIST_KEY_UISupportedInterfaceOrientations_iPad = "UIInterfaceOrientationPortrait UIInterfaceOrientationPortraitUpsideDown UIInterfaceOrientationLandscapeLeft UIInterfaceOrientationLandscapeRight";
				INFOPLIST_KEY_UISupportedInterfaceOrientations_iPhone = "UIInterfaceOrientationPortrait UIInterfaceOrientationLandscapeLeft UIInterfaceOrientationLandscapeRight";
				LD_RUNPATH_SEARCH_PATHS = (
					"$(inherited)",
					"@executable_path/Frameworks",
				);
				MARKETING_VERSION = 1.0;
				PRODUCT_BUNDLE_IDENTIFIER = com.williamjh.APOD;
				PRODUCT_NAME = "$(TARGET_NAME)";
				SWIFT_EMIT_LOC_STRINGS = YES;
				SWIFT_VERSION = 5.0;
				TARGETED_DEVICE_FAMILY = "1,2";
			};
			name = Debug;
		};
		0B659D9B27C79C0C008A4376 /* Release */ = {
			isa = XCBuildConfiguration;
			baseConfigurationReference = DA3F595BFEE85D8985173890 /* Pods-APOD.release.xcconfig */;
			buildSettings = {
				ASSETCATALOG_COMPILER_APPICON_NAME = AppIcon;
				ASSETCATALOG_COMPILER_GLOBAL_ACCENT_COLOR_NAME = AccentColor;
				CODE_SIGN_STYLE = Automatic;
				CURRENT_PROJECT_VERSION = 1;
				DEVELOPMENT_TEAM = 96NGVZV8JL;
				GENERATE_INFOPLIST_FILE = YES;
				INFOPLIST_FILE = APOD/Info.plist;
				INFOPLIST_KEY_UIApplicationSupportsIndirectInputEvents = YES;
				INFOPLIST_KEY_UILaunchStoryboardName = LaunchScreen;
				INFOPLIST_KEY_UIMainStoryboardFile = Main;
				INFOPLIST_KEY_UISupportedInterfaceOrientations_iPad = "UIInterfaceOrientationPortrait UIInterfaceOrientationPortraitUpsideDown UIInterfaceOrientationLandscapeLeft UIInterfaceOrientationLandscapeRight";
				INFOPLIST_KEY_UISupportedInterfaceOrientations_iPhone = "UIInterfaceOrientationPortrait UIInterfaceOrientationLandscapeLeft UIInterfaceOrientationLandscapeRight";
				LD_RUNPATH_SEARCH_PATHS = (
					"$(inherited)",
					"@executable_path/Frameworks",
				);
				MARKETING_VERSION = 1.0;
				PRODUCT_BUNDLE_IDENTIFIER = com.williamjh.APOD;
				PRODUCT_NAME = "$(TARGET_NAME)";
				SWIFT_EMIT_LOC_STRINGS = YES;
				SWIFT_VERSION = 5.0;
				TARGETED_DEVICE_FAMILY = "1,2";
			};
			name = Release;
		};
/* End XCBuildConfiguration section */

/* Begin XCConfigurationList section */
		0B659D8027C79C0B008A4376 /* Build configuration list for PBXProject "APOD" */ = {
			isa = XCConfigurationList;
			buildConfigurations = (
				0B659D9727C79C0C008A4376 /* Debug */,
				0B659D9827C79C0C008A4376 /* Release */,
			);
			defaultConfigurationIsVisible = 0;
			defaultConfigurationName = Release;
		};
		0B659D9927C79C0C008A4376 /* Build configuration list for PBXNativeTarget "APOD" */ = {
			isa = XCConfigurationList;
			buildConfigurations = (
				0B659D9A27C79C0C008A4376 /* Debug */,
				0B659D9B27C79C0C008A4376 /* Release */,
			);
			defaultConfigurationIsVisible = 0;
			defaultConfigurationName = Release;
		};
/* End XCConfigurationList section */
	};
	rootObject = 0B659D7D27C79C0B008A4376 /* Project object */;
}
